
Microsoft Visual Studio Solution File, Format Version 12.00
Project("{FAE04EC0-301F-11D3-BF4B-00C04F79EFBC}") = "MidTerm2IrakliNozadze", "MidTerm2IrakliNozadze\MidTerm2IrakliNozadze.csproj", "{96D251F7-6514-4DF6-BD27-868138D10815}"
EndProject
Global
	GlobalSection(SolutionConfigurationPlatforms) = preSolution
		Debug|Any CPU = Debug|Any CPU
		Release|Any CPU = Release|Any CPU
	EndGlobalSection
	GlobalSection(ProjectConfigurationPlatforms) = postSolution
		{96D251F7-6514-4DF6-BD27-868138D10815}.Debug|Any CPU.ActiveCfg = Debug|Any CPU
		{96D251F7-6514-4DF6-BD27-868138D10815}.Debug|Any CPU.Build.0 = Debug|Any CPU
		{96D251F7-6514-4DF6-BD27-868138D10815}.Release|Any CPU.ActiveCfg = Release|Any CPU
		{96D251F7-6514-4DF6-BD27-868138D10815}.Release|Any CPU.Build.0 = Release|Any CPU
	EndGlobalSection
EndGlobal
